# THIS IS AN AUTOGENERATED FILE. DO NOT EDIT THIS FILE DIRECTLY.
# yarn lockfile v1


flow-bin@^0.183.0:
  version "0.183.0"
  resolved "https://registry.npmmirror.com/flow-bin/-/flow-bin-0.183.0.tgz#17f37c94edd04b705a897b5890dd6cdc02e0c94e"
  integrity sha512-7IJHUnMPYgNEZU8t9M4vJII/G+fJft9C/INm2+HRSXx5KDF2j+vD2iap6+Yg2FWgXTnNLUvk7kr1QdO5Fk/8/Q==
